
Microsoft Visual Studio Solution File, Format Version 12.00
# Visual Studio Version 17
VisualStudioVersion = 17.0.32014.148
MinimumVisualStudioVersion = 10.0.40219.1
Project("{FAE04EC0-301F-11D3-BF4B-00C04F79EFBC}") = "EF-Day1Assignment", "EF-Day1Assignment\EF-Day1Assignment.csproj", "{760E0317-49F4-416D-9AA2-721EB6B092F1}"
EndProject
Global
	GlobalSection(SolutionConfigurationPlatforms) = preSolution
		Debug|Any CPU = Debug|Any CPU
		Release|Any CPU = Release|Any CPU
	EndGlobalSection
	GlobalSection(ProjectConfigurationPlatforms) = postSolution
		{760E0317-49F4-416D-9AA2-721EB6B092F1}.Debug|Any CPU.ActiveCfg = Debug|Any CPU
		{760E0317-49F4-416D-9AA2-721EB6B092F1}.Debug|Any CPU.Build.0 = Debug|Any CPU
		{760E0317-49F4-416D-9AA2-721EB6B092F1}.Release|Any CPU.ActiveCfg = Release|Any CPU
		{760E0317-49F4-416D-9AA2-721EB6B092F1}.Release|Any CPU.Build.0 = Release|Any CPU
	EndGlobalSection
	GlobalSection(SolutionProperties) = preSolution
		HideSolutionNode = FALSE
	EndGlobalSection
	GlobalSection(ExtensibilityGlobals) = postSolution
		SolutionGuid = {45439D89-926D-48DE-AE13-B16C931C9847}
	EndGlobalSection
EndGlobal
